
Microsoft Visual Studio Solution File, Format Version 12.00
# Visual Studio Version 17
VisualStudioVersion = 17.3.32825.248
MinimumVisualStudioVersion = 10.0.40219.1
Project("{FAE04EC0-301F-11D3-BF4B-00C04F79EFBC}") = "CMDHelper", "CMDHelper.csproj", "{E5CE021C-F68C-40CB-8988-04CBAAE38075}"
EndProject
Project("{2150E333-8FDC-42A3-9474-1A3956D46DE8}") = "Solution Items", "Solution Items", "{ED08701E-B69D-44AB-AF49-E8FA92F96589}"
	ProjectSection(SolutionItems) = preProject
		.editorconfig = .editorconfig
	EndProjectSection
EndProject
Global
	GlobalSection(SolutionConfigurationPlatforms) = preSolution
		Debug|Any CPU = Debug|Any CPU
		Release|Any CPU = Release|Any CPU
	EndGlobalSection
	GlobalSection(ProjectConfigurationPlatforms) = postSolution
		{E5CE021C-F68C-40CB-8988-04CBAAE38075}.Debug|Any CPU.ActiveCfg = Debug|Any CPU
		{E5CE021C-F68C-40CB-8988-04CBAAE38075}.Debug|Any CPU.Build.0 = Debug|Any CPU
		{E5CE021C-F68C-40CB-8988-04CBAAE38075}.Release|Any CPU.ActiveCfg = Release|Any CPU
		{E5CE021C-F68C-40CB-8988-04CBAAE38075}.Release|Any CPU.Build.0 = Release|Any CPU
	EndGlobalSection
	GlobalSection(SolutionProperties) = preSolution
		HideSolutionNode = FALSE
	EndGlobalSection
	GlobalSection(ExtensibilityGlobals) = postSolution
		SolutionGuid = {BE6469D3-24F5-47DE-ADBD-EB1046A7F697}
	EndGlobalSection
EndGlobal
